
Microsoft Visual Studio Solution File, Format Version 12.00
# Visual Studio 15
VisualStudioVersion = 15.0.28307.852
MinimumVisualStudioVersion = 10.0.40219.1
Project("{9A19103F-16F7-4668-BE54-9A1E7A4F7556}") = "Soccer.Common", "Soccer.Common\Soccer.Common.csproj", "{82041F01-D4C9-42C9-8035-535315786988}"
EndProject
Project("{9A19103F-16F7-4668-BE54-9A1E7A4F7556}") = "Soccer.Web", "Soccer.Web\Soccer.Web.csproj", "{A258D8E9-F3C2-4655-B350-ECAF75BCE054}"
EndProject
Project("{9A19103F-16F7-4668-BE54-9A1E7A4F7556}") = "Soccer.Prism", "Soccer.Prism\Soccer.Prism\Soccer.Prism.csproj", "{486280F8-A2B1-4A4A-B8B2-DB3A55B9890A}"
EndProject
Project("{FAE04EC0-301F-11D3-BF4B-00C04F79EFBC}") = "Soccer.Prism.Android", "Soccer.Prism\Soccer.Prism.Android\Soccer.Prism.Android.csproj", "{154FD3A4-8948-4472-ADAC-6402647AEBCC}"
EndProject
Project("{FAE04EC0-301F-11D3-BF4B-00C04F79EFBC}") = "Soccer.Prism.iOS", "Soccer.Prism\Soccer.Prism.iOS\Soccer.Prism.iOS.csproj", "{8B0B8805-9446-46E2-8E33-2D2B539CE7F8}"
EndProject
Project("{FAE04EC0-301F-11D3-BF4B-00C04F79EFBC}") = "Soccer.Prism.UWP", "Soccer.Prism\Soccer.Prism.UWP\Soccer.Prism.UWP.csproj", "{11F66157-EC10-49E1-84BA-D8C8E2080147}"
EndProject
Project("{FAE04EC0-301F-11D3-BF4B-00C04F79EFBC}") = "Soccer.Cross.Android", "Soccer.Cross.Android\Soccer.Cross.Android.csproj", "{E98AC0C6-2E28-48F2-BA6E-51ABBE523377}"
EndProject
Global
	GlobalSection(SolutionConfigurationPlatforms) = preSolution
		Ad-Hoc|Any CPU = Ad-Hoc|Any CPU
		Ad-Hoc|ARM = Ad-Hoc|ARM
		Ad-Hoc|iPhone = Ad-Hoc|iPhone
		Ad-Hoc|iPhoneSimulator = Ad-Hoc|iPhoneSimulator
		Ad-Hoc|x64 = Ad-Hoc|x64
		Ad-Hoc|x86 = Ad-Hoc|x86
		AppStore|Any CPU = AppStore|Any CPU
		AppStore|ARM = AppStore|ARM
		AppStore|iPhone = AppStore|iPhone
		AppStore|iPhoneSimulator = AppStore|iPhoneSimulator
		AppStore|x64 = AppStore|x64
		AppStore|x86 = AppStore|x86
		Debug|Any CPU = Debug|Any CPU
		Debug|ARM = Debug|ARM
		Debug|iPhone = Debug|iPhone
		Debug|iPhoneSimulator = Debug|iPhoneSimulator
		Debug|x64 = Debug|x64
		Debug|x86 = Debug|x86
		Release|Any CPU = Release|Any CPU
		Release|ARM = Release|ARM
		Release|iPhone = Release|iPhone
		Release|iPhoneSimulator = Release|iPhoneSimulator
		Release|x64 = Release|x64
		Release|x86 = Release|x86
	EndGlobalSection
	GlobalSection(ProjectConfigurationPlatforms) = postSolution
		{82041F01-D4C9-42C9-8035-535315786988}.Ad-Hoc|Any CPU.ActiveCfg = Release|Any CPU
		{82041F01-D4C9-42C9-8035-535315786988}.Ad-Hoc|Any CPU.Build.0 = Release|Any CPU
		{82041F01-D4C9-42C9-8035-535315786988}.Ad-Hoc|ARM.ActiveCfg = Release|Any CPU
		{82041F01-D4C9-42C9-8035-535315786988}.Ad-Hoc|ARM.Build.0 = Release|Any CPU
		{82041F01-D4C9-42C9-8035-535315786988}.Ad-Hoc|iPhone.ActiveCfg = Release|Any CPU
		{82041F01-D4C9-42C9-8035-535315786988}.Ad-Hoc|iPhone.Build.0 = Release|Any CPU
		{82041F01-D4C9-42C9-8035-535315786988}.Ad-Hoc|iPhoneSimulator.ActiveCfg = Release|Any CPU
		{82041F01-D4C9-42C9-8035-535315786988}.Ad-Hoc|iPhoneSimulator.Build.0 = Release|Any CPU
		{82041F01-D4C9-42C9-8035-535315786988}.Ad-Hoc|x64.ActiveCfg = Release|Any CPU
		{82041F01-D4C9-42C9-8035-535315786988}.Ad-Hoc|x64.Build.0 = Release|Any CPU
		{82041F01-D4C9-42C9-8035-535315786988}.Ad-Hoc|x86.ActiveCfg = Release|Any CPU
		{82041F01-D4C9-42C9-8035-535315786988}.Ad-Hoc|x86.Build.0 = Release|Any CPU
		{82041F01-D4C9-42C9-8035-535315786988}.AppStore|Any CPU.ActiveCfg = Release|Any CPU
		{82041F01-D4C9-42C9-8035-535315786988}.AppStore|Any CPU.Build.0 = Release|Any CPU
		{82041F01-D4C9-42C9-8035-535315786988}.AppStore|ARM.ActiveCfg = Release|Any CPU
		{82041F01-D4C9-42C9-8035-535315786988}.AppStore|ARM.Build.0 = Release|Any CPU
		{82041F01-D4C9-42C9-8035-535315786988}.AppStore|iPhone.ActiveCfg = Release|Any CPU
		{82041F01-D4C9-42C9-8035-535315786988}.AppStore|iPhone.Build.0 = Release|Any CPU
		{82041F01-D4C9-42C9-8035-535315786988}.AppStore|iPhoneSimulator.ActiveCfg = Release|Any CPU
		{82041F01-D4C9-42C9-8035-535315786988}.AppStore|iPhoneSimulator.Build.0 = Release|Any CPU
		{82041F01-D4C9-42C9-8035-535315786988}.AppStore|x64.ActiveCfg = Release|Any CPU
		{82041F01-D4C9-42C9-8035-535315786988}.AppStore|x64.Build.0 = Release|Any CPU
		{82041F01-D4C9-42C9-8035-535315786988}.AppStore|x86.ActiveCfg = Release|Any CPU
		{82041F01-D4C9-42C9-8035-535315786988}.AppStore|x86.Build.0 = Release|Any CPU
		{82041F01-D4C9-42C9-8035-535315786988}.Debug|Any CPU.ActiveCfg = Debug|Any CPU
		{82041F01-D4C9-42C9-8035-535315786988}.Debug|Any CPU.Build.0 = Debug|Any CPU
		{82041F01-D4C9-42C9-8035-535315786988}.Debug|ARM.ActiveCfg = Debug|Any CPU
		{82041F01-D4C9-42C9-8035-535315786988}.Debug|ARM.Build.0 = Debug|Any CPU
		{82041F01-D4C9-42C9-8035-535315786988}.Debug|iPhone.ActiveCfg = Debug|Any CPU
		{82041F01-D4C9-42C9-8035-535315786988}.Debug|iPhone.Build.0 = Debug|Any CPU
		{82041F01-D4C9-42C9-8035-535315786988}.Debug|iPhoneSimulator.ActiveCfg = Debug|Any CPU
		{82041F01-D4C9-42C9-8035-535315786988}.Debug|iPhoneSimulator.Build.0 = Debug|Any CPU
		{82041F01-D4C9-42C9-8035-535315786988}.Debug|x64.ActiveCfg = Debug|Any CPU
		{82041F01-D4C9-42C9-8035-535315786988}.Debug|x64.Build.0 = Debug|Any CPU
		{82041F01-D4C9-42C9-8035-535315786988}.Debug|x86.ActiveCfg = Debug|Any CPU
		{82041F01-D4C9-42C9-8035-535315786988}.Debug|x86.Build.0 = Debug|Any CPU
		{82041F01-D4C9-42C9-8035-535315786988}.Release|Any CPU.ActiveCfg = Release|Any CPU
		{82041F01-D4C9-42C9-8035-535315786988}.Release|Any CPU.Build.0 = Release|Any CPU
		{82041F01-D4C9-42C9-8035-535315786988}.Release|ARM.ActiveCfg = Release|Any CPU
		{82041F01-D4C9-42C9-8035-535315786988}.Release|ARM.Build.0 = Release|Any CPU
		{82041F01-D4C9-42C9-8035-535315786988}.Release|iPhone.ActiveCfg = Release|Any CPU
		{82041F01-D4C9-42C9-8035-535315786988}.Release|iPhone.Build.0 = Release|Any CPU
		{82041F01-D4C9-42C9-8035-535315786988}.Release|iPhoneSimulator.ActiveCfg = Release|Any CPU
		{82041F01-D4C9-42C9-8035-535315786988}.Release|iPhoneSimulator.Build.0 = Release|Any CPU
		{82041F01-D4C9-42C9-8035-535315786988}.Release|x64.ActiveCfg = Release|Any CPU
		{82041F01-D4C9-42C9-8035-535315786988}.Release|x64.Build.0 = Release|Any CPU
		{82041F01-D4C9-42C9-8035-535315786988}.Release|x86.ActiveCfg = Release|Any CPU
		{82041F01-D4C9-42C9-8035-535315786988}.Release|x86.Build.0 = Release|Any CPU
		{A258D8E9-F3C2-4655-B350-ECAF75BCE054}.Ad-Hoc|Any CPU.ActiveCfg = Release|Any CPU
		{A258D8E9-F3C2-4655-B350-ECAF75BCE054}.Ad-Hoc|Any CPU.Build.0 = Release|Any CPU
		{A258D8E9-F3C2-4655-B350-ECAF75BCE054}.Ad-Hoc|ARM.ActiveCfg = Release|Any CPU
		{A258D8E9-F3C2-4655-B350-ECAF75BCE054}.Ad-Hoc|ARM.Build.0 = Release|Any CPU
		{A258D8E9-F3C2-4655-B350-ECAF75BCE054}.Ad-Hoc|iPhone.ActiveCfg = Release|Any CPU
		{A258D8E9-F3C2-4655-B350-ECAF75BCE054}.Ad-Hoc|iPhone.Build.0 = Release|Any CPU
		{A258D8E9-F3C2-4655-B350-ECAF75BCE054}.Ad-Hoc|iPhoneSimulator.ActiveCfg = Release|Any CPU
		{A258D8E9-F3C2-4655-B350-ECAF75BCE054}.Ad-Hoc|iPhoneSimulator.Build.0 = Release|Any CPU
		{A258D8E9-F3C2-4655-B350-ECAF75BCE054}.Ad-Hoc|x64.ActiveCfg = Release|Any CPU
		{A258D8E9-F3C2-4655-B350-ECAF75BCE054}.Ad-Hoc|x64.Build.0 = Release|Any CPU
		{A258D8E9-F3C2-4655-B350-ECAF75BCE054}.Ad-Hoc|x86.ActiveCfg = Release|Any CPU
		{A258D8E9-F3C2-4655-B350-ECAF75BCE054}.Ad-Hoc|x86.Build.0 = Release|Any CPU
		{A258D8E9-F3C2-4655-B350-ECAF75BCE054}.AppStore|Any CPU.ActiveCfg = Release|Any CPU
		{A258D8E9-F3C2-4655-B350-ECAF75BCE054}.AppStore|Any CPU.Build.0 = Release|Any CPU
		{A258D8E9-F3C2-4655-B350-ECAF75BCE054}.AppStore|ARM.ActiveCfg = Release|Any CPU
		{A258D8E9-F3C2-4655-B350-ECAF75BCE054}.AppStore|ARM.Build.0 = Release|Any CPU
		{A258D8E9-F3C2-4655-B350-ECAF75BCE054}.AppStore|iPhone.ActiveCfg = Release|Any CPU
		{A258D8E9-F3C2-4655-B350-ECAF75BCE054}.AppStore|iPhone.Build.0 = Release|Any CPU
		{A258D8E9-F3C2-4655-B350-ECAF75BCE054}.AppStore|iPhoneSimulator.ActiveCfg = Release|Any CPU
		{A258D8E9-F3C2-4655-B350-ECAF75BCE054}.AppStore|iPhoneSimulator.Build.0 = Release|Any CPU
		{A258D8E9-F3C2-4655-B350-ECAF75BCE054}.AppStore|x64.ActiveCfg = Release|Any CPU
		{A258D8E9-F3C2-4655-B350-ECAF75BCE054}.AppStore|x64.Build.0 = Release|Any CPU
		{A258D8E9-F3C2-4655-B350-ECAF75BCE054}.AppStore|x86.ActiveCfg = Release|Any CPU
		{A258D8E9-F3C2-4655-B350-ECAF75BCE054}.AppStore|x86.Build.0 = Release|Any CPU
		{A258D8E9-F3C2-4655-B350-ECAF75BCE054}.Debug|Any CPU.ActiveCfg = Debug|Any CPU
		{A258D8E9-F3C2-4655-B350-ECAF75BCE054}.Debug|Any CPU.Build.0 = Debug|Any CPU
		{A258D8E9-F3C2-4655-B350-ECAF75BCE054}.Debug|ARM.ActiveCfg = Debug|Any CPU
		{A258D8E9-F3C2-4655-B350-ECAF75BCE054}.Debug|ARM.Build.0 = Debug|Any CPU
		{A258D8E9-F3C2-4655-B350-ECAF75BCE054}.Debug|iPhone.ActiveCfg = Debug|Any CPU
		{A258D8E9-F3C2-4655-B350-ECAF75BCE054}.Debug|iPhone.Build.0 = Debug|Any CPU
		{A258D8E9-F3C2-4655-B350-ECAF75BCE054}.Debug|iPhoneSimulator.ActiveCfg = Debug|Any CPU
		{A258D8E9-F3C2-4655-B350-ECAF75BCE054}.Debug|iPhoneSimulator.Build.0 = Debug|Any CPU
		{A258D8E9-F3C2-4655-B350-ECAF75BCE054}.Debug|x64.ActiveCfg = Debug|Any CPU
		{A258D8E9-F3C2-4655-B350-ECAF75BCE054}.Debug|x64.Build.0 = Debug|Any CPU
		{A258D8E9-F3C2-4655-B350-ECAF75BCE054}.Debug|x86.ActiveCfg = Debug|Any CPU
		{A258D8E9-F3C2-4655-B350-ECAF75BCE054}.Debug|x86.Build.0 = Debug|Any CPU
		{A258D8E9-F3C2-4655-B350-ECAF75BCE054}.Release|Any CPU.ActiveCfg = Release|Any CPU
		{A258D8E9-F3C2-4655-B350-ECAF75BCE054}.Release|Any CPU.Build.0 = Release|Any CPU
		{A258D8E9-F3C2-4655-B350-ECAF75BCE054}.Release|ARM.ActiveCfg = Release|Any CPU
		{A258D8E9-F3C2-4655-B350-ECAF75BCE054}.Release|ARM.Build.0 = Release|Any CPU
		{A258D8E9-F3C2-4655-B350-ECAF75BCE054}.Release|iPhone.ActiveCfg = Release|Any CPU
		{A258D8E9-F3C2-4655-B350-ECAF75BCE054}.Release|iPhone.Build.0 = Release|Any CPU
		{A258D8E9-F3C2-4655-B350-ECAF75BCE054}.Release|iPhoneSimulator.ActiveCfg = Release|Any CPU
		{A258D8E9-F3C2-4655-B350-ECAF75BCE054}.Release|iPhoneSimulator.Build.0 = Release|Any CPU
		{A258D8E9-F3C2-4655-B350-ECAF75BCE054}.Release|x64.ActiveCfg = Release|Any CPU
		{A258D8E9-F3C2-4655-B350-ECAF75BCE054}.Release|x64.Build.0 = Release|Any CPU
		{A258D8E9-F3C2-4655-B350-ECAF75BCE054}.Release|x86.ActiveCfg = Release|Any CPU
		{A258D8E9-F3C2-4655-B350-ECAF75BCE054}.Release|x86.Build.0 = Release|Any CPU
		{486280F8-A2B1-4A4A-B8B2-DB3A55B9890A}.Ad-Hoc|Any CPU.ActiveCfg = Debug|Any CPU
		{486280F8-A2B1-4A4A-B8B2-DB3A55B9890A}.Ad-Hoc|Any CPU.Build.0 = Debug|Any CPU
		{486280F8-A2B1-4A4A-B8B2-DB3A55B9890A}.Ad-Hoc|ARM.ActiveCfg = Debug|Any CPU
		{486280F8-A2B1-4A4A-B8B2-DB3A55B9890A}.Ad-Hoc|ARM.Build.0 = Debug|Any CPU
		{486280F8-A2B1-4A4A-B8B2-DB3A55B9890A}.Ad-Hoc|iPhone.ActiveCfg = Debug|Any CPU
		{486280F8-A2B1-4A4A-B8B2-DB3A55B9890A}.Ad-Hoc|iPhone.Build.0 = Debug|Any CPU
		{486280F8-A2B1-4A4A-B8B2-DB3A55B9890A}.Ad-Hoc|iPhoneSimulator.ActiveCfg = Debug|Any CPU
		{486280F8-A2B1-4A4A-B8B2-DB3A55B9890A}.Ad-Hoc|iPhoneSimulator.Build.0 = Debug|Any CPU
		{486280F8-A2B1-4A4A-B8B2-DB3A55B9890A}.Ad-Hoc|x64.ActiveCfg = Debug|Any CPU
		{486280F8-A2B1-4A4A-B8B2-DB3A55B9890A}.Ad-Hoc|x64.Build.0 = Debug|Any CPU
		{486280F8-A2B1-4A4A-B8B2-DB3A55B9890A}.Ad-Hoc|x86.ActiveCfg = Debug|Any CPU
		{486280F8-A2B1-4A4A-B8B2-DB3A55B9890A}.Ad-Hoc|x86.Build.0 = Debug|Any CPU
		{486280F8-A2B1-4A4A-B8B2-DB3A55B9890A}.AppStore|Any CPU.ActiveCfg = Debug|Any CPU
		{486280F8-A2B1-4A4A-B8B2-DB3A55B9890A}.AppStore|Any CPU.Build.0 = Debug|Any CPU
		{486280F8-A2B1-4A4A-B8B2-DB3A55B9890A}.AppStore|ARM.ActiveCfg = Debug|Any CPU
		{486280F8-A2B1-4A4A-B8B2-DB3A55B9890A}.AppStore|ARM.Build.0 = Debug|Any CPU
		{486280F8-A2B1-4A4A-B8B2-DB3A55B9890A}.AppStore|iPhone.ActiveCfg = Debug|Any CPU
		{486280F8-A2B1-4A4A-B8B2-DB3A55B9890A}.AppStore|iPhone.Build.0 = Debug|Any CPU
		{486280F8-A2B1-4A4A-B8B2-DB3A55B9890A}.AppStore|iPhoneSimulator.ActiveCfg = Debug|Any CPU
		{486280F8-A2B1-4A4A-B8B2-DB3A55B9890A}.AppStore|iPhoneSimulator.Build.0 = Debug|Any CPU
		{486280F8-A2B1-4A4A-B8B2-DB3A55B9890A}.AppStore|x64.ActiveCfg = Debug|Any CPU
		{486280F8-A2B1-4A4A-B8B2-DB3A55B9890A}.AppStore|x64.Build.0 = Debug|Any CPU
		{486280F8-A2B1-4A4A-B8B2-DB3A55B9890A}.AppStore|x86.ActiveCfg = Debug|Any CPU
		{486280F8-A2B1-4A4A-B8B2-DB3A55B9890A}.AppStore|x86.Build.0 = Debug|Any CPU
		{486280F8-A2B1-4A4A-B8B2-DB3A55B9890A}.Debug|Any CPU.ActiveCfg = Debug|Any CPU
		{486280F8-A2B1-4A4A-B8B2-DB3A55B9890A}.Debug|Any CPU.Build.0 = Debug|Any CPU
		{486280F8-A2B1-4A4A-B8B2-DB3A55B9890A}.Debug|ARM.ActiveCfg = Debug|Any CPU
		{486280F8-A2B1-4A4A-B8B2-DB3A55B9890A}.Debug|ARM.Build.0 = Debug|Any CPU
		{486280F8-A2B1-4A4A-B8B2-DB3A55B9890A}.Debug|iPhone.ActiveCfg = Debug|Any CPU
		{486280F8-A2B1-4A4A-B8B2-DB3A55B9890A}.Debug|iPhone.Build.0 = Debug|Any CPU
		{486280F8-A2B1-4A4A-B8B2-DB3A55B9890A}.Debug|iPhoneSimulator.ActiveCfg = Debug|Any CPU
		{486280F8-A2B1-4A4A-B8B2-DB3A55B9890A}.Debug|iPhoneSimulator.Build.0 = Debug|Any CPU
		{486280F8-A2B1-4A4A-B8B2-DB3A55B9890A}.Debug|x64.ActiveCfg = Debug|Any CPU
		{486280F8-A2B1-4A4A-B8B2-DB3A55B9890A}.Debug|x64.Build.0 = Debug|Any CPU
		{486280F8-A2B1-4A4A-B8B2-DB3A55B9890A}.Debug|x86.ActiveCfg = Debug|Any CPU
		{486280F8-A2B1-4A4A-B8B2-DB3A55B9890A}.Debug|x86.Build.0 = Debug|Any CPU
		{486280F8-A2B1-4A4A-B8B2-DB3A55B9890A}.Release|Any CPU.ActiveCfg = Release|Any CPU
		{486280F8-A2B1-4A4A-B8B2-DB3A55B9890A}.Release|Any CPU.Build.0 = Release|Any CPU
		{486280F8-A2B1-4A4A-B8B2-DB3A55B9890A}.Release|ARM.ActiveCfg = Release|Any CPU
		{486280F8-A2B1-4A4A-B8B2-DB3A55B9890A}.Release|ARM.Build.0 = Release|Any CPU
		{486280F8-A2B1-4A4A-B8B2-DB3A55B9890A}.Release|iPhone.ActiveCfg = Release|Any CPU
		{486280F8-A2B1-4A4A-B8B2-DB3A55B9890A}.Release|iPhone.Build.0 = Release|Any CPU
		{486280F8-A2B1-4A4A-B8B2-DB3A55B9890A}.Release|iPhoneSimulator.ActiveCfg = Release|Any CPU
		{486280F8-A2B1-4A4A-B8B2-DB3A55B9890A}.Release|iPhoneSimulator.Build.0 = Release|Any CPU
		{486280F8-A2B1-4A4A-B8B2-DB3A55B9890A}.Release|x64.ActiveCfg = Release|Any CPU
		{486280F8-A2B1-4A4A-B8B2-DB3A55B9890A}.Release|x64.Build.0 = Release|Any CPU
		{486280F8-A2B1-4A4A-B8B2-DB3A55B9890A}.Release|x86.ActiveCfg = Release|Any CPU
		{486280F8-A2B1-4A4A-B8B2-DB3A55B9890A}.Release|x86.Build.0 = Release|Any CPU
		{154FD3A4-8948-4472-ADAC-6402647AEBCC}.Ad-Hoc|Any CPU.ActiveCfg = Release|Any CPU
		{154FD3A4-8948-4472-ADAC-6402647AEBCC}.Ad-Hoc|Any CPU.Build.0 = Release|Any CPU
		{154FD3A4-8948-4472-ADAC-6402647AEBCC}.Ad-Hoc|Any CPU.Deploy.0 = Release|Any CPU
		{154FD3A4-8948-4472-ADAC-6402647AEBCC}.Ad-Hoc|ARM.ActiveCfg = Release|Any CPU
		{154FD3A4-8948-4472-ADAC-6402647AEBCC}.Ad-Hoc|ARM.Build.0 = Release|Any CPU
		{154FD3A4-8948-4472-ADAC-6402647AEBCC}.Ad-Hoc|ARM.Deploy.0 = Release|Any CPU
		{154FD3A4-8948-4472-ADAC-6402647AEBCC}.Ad-Hoc|iPhone.ActiveCfg = Release|Any CPU
		{154FD3A4-8948-4472-ADAC-6402647AEBCC}.Ad-Hoc|iPhone.Build.0 = Release|Any CPU
		{154FD3A4-8948-4472-ADAC-6402647AEBCC}.Ad-Hoc|iPhone.Deploy.0 = Release|Any CPU
		{154FD3A4-8948-4472-ADAC-6402647AEBCC}.Ad-Hoc|iPhoneSimulator.ActiveCfg = Release|Any CPU
		{154FD3A4-8948-4472-ADAC-6402647AEBCC}.Ad-Hoc|iPhoneSimulator.Build.0 = Release|Any CPU
		{154FD3A4-8948-4472-ADAC-6402647AEBCC}.Ad-Hoc|iPhoneSimulator.Deploy.0 = Release|Any CPU
		{154FD3A4-8948-4472-ADAC-6402647AEBCC}.Ad-Hoc|x64.ActiveCfg = Release|Any CPU
		{154FD3A4-8948-4472-ADAC-6402647AEBCC}.Ad-Hoc|x64.Build.0 = Release|Any CPU
		{154FD3A4-8948-4472-ADAC-6402647AEBCC}.Ad-Hoc|x64.Deploy.0 = Release|Any CPU
		{154FD3A4-8948-4472-ADAC-6402647AEBCC}.Ad-Hoc|x86.ActiveCfg = Release|Any CPU
		{154FD3A4-8948-4472-ADAC-6402647AEBCC}.Ad-Hoc|x86.Build.0 = Release|Any CPU
		{154FD3A4-8948-4472-ADAC-6402647AEBCC}.Ad-Hoc|x86.Deploy.0 = Release|Any CPU
		{154FD3A4-8948-4472-ADAC-6402647AEBCC}.AppStore|Any CPU.ActiveCfg = Release|Any CPU
		{154FD3A4-8948-4472-ADAC-6402647AEBCC}.AppStore|Any CPU.Build.0 = Release|Any CPU
		{154FD3A4-8948-4472-ADAC-6402647AEBCC}.AppStore|Any CPU.Deploy.0 = Release|Any CPU
		{154FD3A4-8948-4472-ADAC-6402647AEBCC}.AppStore|ARM.ActiveCfg = Release|Any CPU
		{154FD3A4-8948-4472-ADAC-6402647AEBCC}.AppStore|ARM.Build.0 = Release|Any CPU
		{154FD3A4-8948-4472-ADAC-6402647AEBCC}.AppStore|ARM.Deploy.0 = Release|Any CPU
		{154FD3A4-8948-4472-ADAC-6402647AEBCC}.AppStore|iPhone.ActiveCfg = Release|Any CPU
		{154FD3A4-8948-4472-ADAC-6402647AEBCC}.AppStore|iPhone.Build.0 = Release|Any CPU
		{154FD3A4-8948-4472-ADAC-6402647AEBCC}.AppStore|iPhone.Deploy.0 = Release|Any CPU
		{154FD3A4-8948-4472-ADAC-6402647AEBCC}.AppStore|iPhoneSimulator.ActiveCfg = Release|Any CPU
		{154FD3A4-8948-4472-ADAC-6402647AEBCC}.AppStore|iPhoneSimulator.Build.0 = Release|Any CPU
		{154FD3A4-8948-4472-ADAC-6402647AEBCC}.AppStore|iPhoneSimulator.Deploy.0 = Release|Any CPU
		{154FD3A4-8948-4472-ADAC-6402647AEBCC}.AppStore|x64.ActiveCfg = Release|Any CPU
		{154FD3A4-8948-4472-ADAC-6402647AEBCC}.AppStore|x64.Build.0 = Release|Any CPU
		{154FD3A4-8948-4472-ADAC-6402647AEBCC}.AppStore|x64.Deploy.0 = Release|Any CPU
		{154FD3A4-8948-4472-ADAC-6402647AEBCC}.AppStore|x86.ActiveCfg = Release|Any CPU
		{154FD3A4-8948-4472-ADAC-6402647AEBCC}.AppStore|x86.Build.0 = Release|Any CPU
		{154FD3A4-8948-4472-ADAC-6402647AEBCC}.AppStore|x86.Deploy.0 = Release|Any CPU
		{154FD3A4-8948-4472-ADAC-6402647AEBCC}.Debug|Any CPU.ActiveCfg = Debug|Any CPU
		{154FD3A4-8948-4472-ADAC-6402647AEBCC}.Debug|Any CPU.Build.0 = Debug|Any CPU
		{154FD3A4-8948-4472-ADAC-6402647AEBCC}.Debug|Any CPU.Deploy.0 = Debug|Any CPU
		{154FD3A4-8948-4472-ADAC-6402647AEBCC}.Debug|ARM.ActiveCfg = Debug|Any CPU
		{154FD3A4-8948-4472-ADAC-6402647AEBCC}.Debug|ARM.Build.0 = Debug|Any CPU
		{154FD3A4-8948-4472-ADAC-6402647AEBCC}.Debug|ARM.Deploy.0 = Debug|Any CPU
		{154FD3A4-8948-4472-ADAC-6402647AEBCC}.Debug|iPhone.ActiveCfg = Debug|Any CPU
		{154FD3A4-8948-4472-ADAC-6402647AEBCC}.Debug|iPhone.Build.0 = Debug|Any CPU
		{154FD3A4-8948-4472-ADAC-6402647AEBCC}.Debug|iPhone.Deploy.0 = Debug|Any CPU
		{154FD3A4-8948-4472-ADAC-6402647AEBCC}.Debug|iPhoneSimulator.ActiveCfg = Debug|Any CPU
		{154FD3A4-8948-4472-ADAC-6402647AEBCC}.Debug|iPhoneSimulator.Build.0 = Debug|Any CPU
		{154FD3A4-8948-4472-ADAC-6402647AEBCC}.Debug|iPhoneSimulator.Deploy.0 = Debug|Any CPU
		{154FD3A4-8948-4472-ADAC-6402647AEBCC}.Debug|x64.ActiveCfg = Debug|Any CPU
		{154FD3A4-8948-4472-ADAC-6402647AEBCC}.Debug|x64.Build.0 = Debug|Any CPU
		{154FD3A4-8948-4472-ADAC-6402647AEBCC}.Debug|x64.Deploy.0 = Debug|Any CPU
		{154FD3A4-8948-4472-ADAC-6402647AEBCC}.Debug|x86.ActiveCfg = Debug|Any CPU
		{154FD3A4-8948-4472-ADAC-6402647AEBCC}.Debug|x86.Build.0 = Debug|Any CPU
		{154FD3A4-8948-4472-ADAC-6402647AEBCC}.Debug|x86.Deploy.0 = Debug|Any CPU
		{154FD3A4-8948-4472-ADAC-6402647AEBCC}.Release|Any CPU.ActiveCfg = Release|Any CPU
		{154FD3A4-8948-4472-ADAC-6402647AEBCC}.Release|Any CPU.Build.0 = Release|Any CPU
		{154FD3A4-8948-4472-ADAC-6402647AEBCC}.Release|Any CPU.Deploy.0 = Release|Any CPU
		{154FD3A4-8948-4472-ADAC-6402647AEBCC}.Release|ARM.ActiveCfg = Release|Any CPU
		{154FD3A4-8948-4472-ADAC-6402647AEBCC}.Release|ARM.Build.0 = Release|Any CPU
		{154FD3A4-8948-4472-ADAC-6402647AEBCC}.Release|ARM.Deploy.0 = Release|Any CPU
		{154FD3A4-8948-4472-ADAC-6402647AEBCC}.Release|iPhone.ActiveCfg = Release|Any CPU
		{154FD3A4-8948-4472-ADAC-6402647AEBCC}.Release|iPhone.Build.0 = Release|Any CPU
		{154FD3A4-8948-4472-ADAC-6402647AEBCC}.Release|iPhone.Deploy.0 = Release|Any CPU
		{154FD3A4-8948-4472-ADAC-6402647AEBCC}.Release|iPhoneSimulator.ActiveCfg = Release|Any CPU
		{154FD3A4-8948-4472-ADAC-6402647AEBCC}.Release|iPhoneSimulator.Build.0 = Release|Any CPU
		{154FD3A4-8948-4472-ADAC-6402647AEBCC}.Release|iPhoneSimulator.Deploy.0 = Release|Any CPU
		{154FD3A4-8948-4472-ADAC-6402647AEBCC}.Release|x64.ActiveCfg = Release|Any CPU
		{154FD3A4-8948-4472-ADAC-6402647AEBCC}.Release|x64.Build.0 = Release|Any CPU
		{154FD3A4-8948-4472-ADAC-6402647AEBCC}.Release|x64.Deploy.0 = Release|Any CPU
		{154FD3A4-8948-4472-ADAC-6402647AEBCC}.Release|x86.ActiveCfg = Release|Any CPU
		{154FD3A4-8948-4472-ADAC-6402647AEBCC}.Release|x86.Build.0 = Release|Any CPU
		{154FD3A4-8948-4472-ADAC-6402647AEBCC}.Release|x86.Deploy.0 = Release|Any CPU
		{8B0B8805-9446-46E2-8E33-2D2B539CE7F8}.Ad-Hoc|Any CPU.ActiveCfg = Ad-Hoc|iPhone
		{8B0B8805-9446-46E2-8E33-2D2B539CE7F8}.Ad-Hoc|ARM.ActiveCfg = Ad-Hoc|iPhone
		{8B0B8805-9446-46E2-8E33-2D2B539CE7F8}.Ad-Hoc|iPhone.ActiveCfg = Ad-Hoc|iPhone
		{8B0B8805-9446-46E2-8E33-2D2B539CE7F8}.Ad-Hoc|iPhone.Build.0 = Ad-Hoc|iPhone
		{8B0B8805-9446-46E2-8E33-2D2B539CE7F8}.Ad-Hoc|iPhoneSimulator.ActiveCfg = Ad-Hoc|iPhoneSimulator
		{8B0B8805-9446-46E2-8E33-2D2B539CE7F8}.Ad-Hoc|iPhoneSimulator.Build.0 = Ad-Hoc|iPhoneSimulator
		{8B0B8805-9446-46E2-8E33-2D2B539CE7F8}.Ad-Hoc|x64.ActiveCfg = Ad-Hoc|iPhone
		{8B0B8805-9446-46E2-8E33-2D2B539CE7F8}.Ad-Hoc|x86.ActiveCfg = Ad-Hoc|iPhone
		{8B0B8805-9446-46E2-8E33-2D2B539CE7F8}.AppStore|Any CPU.ActiveCfg = AppStore|iPhone
		{8B0B8805-9446-46E2-8E33-2D2B539CE7F8}.AppStore|ARM.ActiveCfg = AppStore|iPhone
		{8B0B8805-9446-46E2-8E33-2D2B539CE7F8}.AppStore|iPhone.ActiveCfg = AppStore|iPhone
		{8B0B8805-9446-46E2-8E33-2D2B539CE7F8}.AppStore|iPhone.Build.0 = AppStore|iPhone
		{8B0B8805-9446-46E2-8E33-2D2B539CE7F8}.AppStore|iPhoneSimulator.ActiveCfg = AppStore|iPhoneSimulator
		{8B0B8805-9446-46E2-8E33-2D2B539CE7F8}.AppStore|iPhoneSimulator.Build.0 = AppStore|iPhoneSimulator
		{8B0B8805-9446-46E2-8E33-2D2B539CE7F8}.AppStore|x64.ActiveCfg = AppStore|iPhone
		{8B0B8805-9446-46E2-8E33-2D2B539CE7F8}.AppStore|x86.ActiveCfg = AppStore|iPhone
		{8B0B8805-9446-46E2-8E33-2D2B539CE7F8}.Debug|Any CPU.ActiveCfg = Debug|iPhone
		{8B0B8805-9446-46E2-8E33-2D2B539CE7F8}.Debug|ARM.ActiveCfg = Debug|iPhone
		{8B0B8805-9446-46E2-8E33-2D2B539CE7F8}.Debug|iPhone.ActiveCfg = Debug|iPhone
		{8B0B8805-9446-46E2-8E33-2D2B539CE7F8}.Debug|iPhone.Build.0 = Debug|iPhone
		{8B0B8805-9446-46E2-8E33-2D2B539CE7F8}.Debug|iPhoneSimulator.ActiveCfg = Debug|iPhoneSimulator
		{8B0B8805-9446-46E2-8E33-2D2B539CE7F8}.Debug|iPhoneSimulator.Build.0 = Debug|iPhoneSimulator
		{8B0B8805-9446-46E2-8E33-2D2B539CE7F8}.Debug|x64.ActiveCfg = Debug|iPhone
		{8B0B8805-9446-46E2-8E33-2D2B539CE7F8}.Debug|x86.ActiveCfg = Debug|iPhone
		{8B0B8805-9446-46E2-8E33-2D2B539CE7F8}.Release|Any CPU.ActiveCfg = Release|iPhone
		{8B0B8805-9446-46E2-8E33-2D2B539CE7F8}.Release|ARM.ActiveCfg = Release|iPhone
		{8B0B8805-9446-46E2-8E33-2D2B539CE7F8}.Release|iPhone.ActiveCfg = Release|iPhone
		{8B0B8805-9446-46E2-8E33-2D2B539CE7F8}.Release|iPhone.Build.0 = Release|iPhone
		{8B0B8805-9446-46E2-8E33-2D2B539CE7F8}.Release|iPhoneSimulator.ActiveCfg = Release|iPhoneSimulator
		{8B0B8805-9446-46E2-8E33-2D2B539CE7F8}.Release|iPhoneSimulator.Build.0 = Release|iPhoneSimulator
		{8B0B8805-9446-46E2-8E33-2D2B539CE7F8}.Release|x64.ActiveCfg = Release|iPhone
		{8B0B8805-9446-46E2-8E33-2D2B539CE7F8}.Release|x86.ActiveCfg = Release|iPhone
		{11F66157-EC10-49E1-84BA-D8C8E2080147}.Ad-Hoc|Any CPU.ActiveCfg = Release|x86
		{11F66157-EC10-49E1-84BA-D8C8E2080147}.Ad-Hoc|Any CPU.Build.0 = Release|x86
		{11F66157-EC10-49E1-84BA-D8C8E2080147}.Ad-Hoc|Any CPU.Deploy.0 = Release|x86
		{11F66157-EC10-49E1-84BA-D8C8E2080147}.Ad-Hoc|ARM.ActiveCfg = Release|ARM
		{11F66157-EC10-49E1-84BA-D8C8E2080147}.Ad-Hoc|ARM.Build.0 = Release|ARM
		{11F66157-EC10-49E1-84BA-D8C8E2080147}.Ad-Hoc|ARM.Deploy.0 = Release|ARM
		{11F66157-EC10-49E1-84BA-D8C8E2080147}.Ad-Hoc|iPhone.ActiveCfg = Release|x86
		{11F66157-EC10-49E1-84BA-D8C8E2080147}.Ad-Hoc|iPhone.Build.0 = Release|x86
		{11F66157-EC10-49E1-84BA-D8C8E2080147}.Ad-Hoc|iPhone.Deploy.0 = Release|x86
		{11F66157-EC10-49E1-84BA-D8C8E2080147}.Ad-Hoc|iPhoneSimulator.ActiveCfg = Release|x86
		{11F66157-EC10-49E1-84BA-D8C8E2080147}.Ad-Hoc|iPhoneSimulator.Build.0 = Release|x86
		{11F66157-EC10-49E1-84BA-D8C8E2080147}.Ad-Hoc|iPhoneSimulator.Deploy.0 = Release|x86
		{11F66157-EC10-49E1-84BA-D8C8E2080147}.Ad-Hoc|x64.ActiveCfg = Release|x64
		{11F66157-EC10-49E1-84BA-D8C8E2080147}.Ad-Hoc|x64.Build.0 = Release|x64
		{11F66157-EC10-49E1-84BA-D8C8E2080147}.Ad-Hoc|x64.Deploy.0 = Release|x64
		{11F66157-EC10-49E1-84BA-D8C8E2080147}.Ad-Hoc|x86.ActiveCfg = Release|x86
		{11F66157-EC10-49E1-84BA-D8C8E2080147}.Ad-Hoc|x86.Build.0 = Release|x86
		{11F66157-EC10-49E1-84BA-D8C8E2080147}.Ad-Hoc|x86.Deploy.0 = Release|x86
		{11F66157-EC10-49E1-84BA-D8C8E2080147}.AppStore|Any CPU.ActiveCfg = Release|x86
		{11F66157-EC10-49E1-84BA-D8C8E2080147}.AppStore|Any CPU.Build.0 = Release|x86
		{11F66157-EC10-49E1-84BA-D8C8E2080147}.AppStore|Any CPU.Deploy.0 = Release|x86
		{11F66157-EC10-49E1-84BA-D8C8E2080147}.AppStore|ARM.ActiveCfg = Release|ARM
		{11F66157-EC10-49E1-84BA-D8C8E2080147}.AppStore|ARM.Build.0 = Release|ARM
		{11F66157-EC10-49E1-84BA-D8C8E2080147}.AppStore|ARM.Deploy.0 = Release|ARM
		{11F66157-EC10-49E1-84BA-D8C8E2080147}.AppStore|iPhone.ActiveCfg = Release|x86
		{11F66157-EC10-49E1-84BA-D8C8E2080147}.AppStore|iPhone.Build.0 = Release|x86
		{11F66157-EC10-49E1-84BA-D8C8E2080147}.AppStore|iPhone.Deploy.0 = Release|x86
		{11F66157-EC10-49E1-84BA-D8C8E2080147}.AppStore|iPhoneSimulator.ActiveCfg = Release|x86
		{11F66157-EC10-49E1-84BA-D8C8E2080147}.AppStore|iPhoneSimulator.Build.0 = Release|x86
		{11F66157-EC10-49E1-84BA-D8C8E2080147}.AppStore|iPhoneSimulator.Deploy.0 = Release|x86
		{11F66157-EC10-49E1-84BA-D8C8E2080147}.AppStore|x64.ActiveCfg = Release|x64
		{11F66157-EC10-49E1-84BA-D8C8E2080147}.AppStore|x64.Build.0 = Release|x64
		{11F66157-EC10-49E1-84BA-D8C8E2080147}.AppStore|x64.Deploy.0 = Release|x64
		{11F66157-EC10-49E1-84BA-D8C8E2080147}.AppStore|x86.ActiveCfg = Release|x86
		{11F66157-EC10-49E1-84BA-D8C8E2080147}.AppStore|x86.Build.0 = Release|x86
		{11F66157-EC10-49E1-84BA-D8C8E2080147}.AppStore|x86.Deploy.0 = Release|x86
		{11F66157-EC10-49E1-84BA-D8C8E2080147}.Debug|Any CPU.ActiveCfg = Debug|x86
		{11F66157-EC10-49E1-84BA-D8C8E2080147}.Debug|ARM.ActiveCfg = Debug|ARM
		{11F66157-EC10-49E1-84BA-D8C8E2080147}.Debug|ARM.Build.0 = Debug|ARM
		{11F66157-EC10-49E1-84BA-D8C8E2080147}.Debug|ARM.Deploy.0 = Debug|ARM
		{11F66157-EC10-49E1-84BA-D8C8E2080147}.Debug|iPhone.ActiveCfg = Debug|x86
		{11F66157-EC10-49E1-84BA-D8C8E2080147}.Debug|iPhoneSimulator.ActiveCfg = Debug|x86
		{11F66157-EC10-49E1-84BA-D8C8E2080147}.Debug|x64.ActiveCfg = Debug|x64
		{11F66157-EC10-49E1-84BA-D8C8E2080147}.Debug|x64.Build.0 = Debug|x64
		{11F66157-EC10-49E1-84BA-D8C8E2080147}.Debug|x64.Deploy.0 = Debug|x64
		{11F66157-EC10-49E1-84BA-D8C8E2080147}.Debug|x86.ActiveCfg = Debug|x86
		{11F66157-EC10-49E1-84BA-D8C8E2080147}.Debug|x86.Build.0 = Debug|x86
		{11F66157-EC10-49E1-84BA-D8C8E2080147}.Debug|x86.Deploy.0 = Debug|x86
		{11F66157-EC10-49E1-84BA-D8C8E2080147}.Release|Any CPU.ActiveCfg = Release|x86
		{11F66157-EC10-49E1-84BA-D8C8E2080147}.Release|ARM.ActiveCfg = Release|ARM
		{11F66157-EC10-49E1-84BA-D8C8E2080147}.Release|ARM.Build.0 = Release|ARM
		{11F66157-EC10-49E1-84BA-D8C8E2080147}.Release|ARM.Deploy.0 = Release|ARM
		{11F66157-EC10-49E1-84BA-D8C8E2080147}.Release|iPhone.ActiveCfg = Release|x86
		{11F66157-EC10-49E1-84BA-D8C8E2080147}.Release|iPhoneSimulator.ActiveCfg = Release|x86
		{11F66157-EC10-49E1-84BA-D8C8E2080147}.Release|x64.ActiveCfg = Release|x64
		{11F66157-EC10-49E1-84BA-D8C8E2080147}.Release|x64.Build.0 = Release|x64
		{11F66157-EC10-49E1-84BA-D8C8E2080147}.Release|x64.Deploy.0 = Release|x64
		{11F66157-EC10-49E1-84BA-D8C8E2080147}.Release|x86.ActiveCfg = Release|x86
		{11F66157-EC10-49E1-84BA-D8C8E2080147}.Release|x86.Build.0 = Release|x86
		{11F66157-EC10-49E1-84BA-D8C8E2080147}.Release|x86.Deploy.0 = Release|x86
		{E98AC0C6-2E28-48F2-BA6E-51ABBE523377}.Ad-Hoc|Any CPU.ActiveCfg = Release|Any CPU
		{E98AC0C6-2E28-48F2-BA6E-51ABBE523377}.Ad-Hoc|Any CPU.Build.0 = Release|Any CPU
		{E98AC0C6-2E28-48F2-BA6E-51ABBE523377}.Ad-Hoc|Any CPU.Deploy.0 = Release|Any CPU
		{E98AC0C6-2E28-48F2-BA6E-51ABBE523377}.Ad-Hoc|ARM.ActiveCfg = Release|Any CPU
		{E98AC0C6-2E28-48F2-BA6E-51ABBE523377}.Ad-Hoc|ARM.Build.0 = Release|Any CPU
		{E98AC0C6-2E28-48F2-BA6E-51ABBE523377}.Ad-Hoc|ARM.Deploy.0 = Release|Any CPU
		{E98AC0C6-2E28-48F2-BA6E-51ABBE523377}.Ad-Hoc|iPhone.ActiveCfg = Release|Any CPU
		{E98AC0C6-2E28-48F2-BA6E-51ABBE523377}.Ad-Hoc|iPhone.Build.0 = Release|Any CPU
		{E98AC0C6-2E28-48F2-BA6E-51ABBE523377}.Ad-Hoc|iPhone.Deploy.0 = Release|Any CPU
		{E98AC0C6-2E28-48F2-BA6E-51ABBE523377}.Ad-Hoc|iPhoneSimulator.ActiveCfg = Release|Any CPU
		{E98AC0C6-2E28-48F2-BA6E-51ABBE523377}.Ad-Hoc|iPhoneSimulator.Build.0 = Release|Any CPU
		{E98AC0C6-2E28-48F2-BA6E-51ABBE523377}.Ad-Hoc|iPhoneSimulator.Deploy.0 = Release|Any CPU
		{E98AC0C6-2E28-48F2-BA6E-51ABBE523377}.Ad-Hoc|x64.ActiveCfg = Release|Any CPU
		{E98AC0C6-2E28-48F2-BA6E-51ABBE523377}.Ad-Hoc|x64.Build.0 = Release|Any CPU
		{E98AC0C6-2E28-48F2-BA6E-51ABBE523377}.Ad-Hoc|x64.Deploy.0 = Release|Any CPU
		{E98AC0C6-2E28-48F2-BA6E-51ABBE523377}.Ad-Hoc|x86.ActiveCfg = Release|Any CPU
		{E98AC0C6-2E28-48F2-BA6E-51ABBE523377}.Ad-Hoc|x86.Build.0 = Release|Any CPU
		{E98AC0C6-2E28-48F2-BA6E-51ABBE523377}.Ad-Hoc|x86.Deploy.0 = Release|Any CPU
		{E98AC0C6-2E28-48F2-BA6E-51ABBE523377}.AppStore|Any CPU.ActiveCfg = Release|Any CPU
		{E98AC0C6-2E28-48F2-BA6E-51ABBE523377}.AppStore|Any CPU.Build.0 = Release|Any CPU
		{E98AC0C6-2E28-48F2-BA6E-51ABBE523377}.AppStore|Any CPU.Deploy.0 = Release|Any CPU
		{E98AC0C6-2E28-48F2-BA6E-51ABBE523377}.AppStore|ARM.ActiveCfg = Release|Any CPU
		{E98AC0C6-2E28-48F2-BA6E-51ABBE523377}.AppStore|ARM.Build.0 = Release|Any CPU
		{E98AC0C6-2E28-48F2-BA6E-51ABBE523377}.AppStore|ARM.Deploy.0 = Release|Any CPU
		{E98AC0C6-2E28-48F2-BA6E-51ABBE523377}.AppStore|iPhone.ActiveCfg = Release|Any CPU
		{E98AC0C6-2E28-48F2-BA6E-51ABBE523377}.AppStore|iPhone.Build.0 = Release|Any CPU
		{E98AC0C6-2E28-48F2-BA6E-51ABBE523377}.AppStore|iPhone.Deploy.0 = Release|Any CPU
		{E98AC0C6-2E28-48F2-BA6E-51ABBE523377}.AppStore|iPhoneSimulator.ActiveCfg = Release|Any CPU
		{E98AC0C6-2E28-48F2-BA6E-51ABBE523377}.AppStore|iPhoneSimulator.Build.0 = Release|Any CPU
		{E98AC0C6-2E28-48F2-BA6E-51ABBE523377}.AppStore|iPhoneSimulator.Deploy.0 = Release|Any CPU
		{E98AC0C6-2E28-48F2-BA6E-51ABBE523377}.AppStore|x64.ActiveCfg = Release|Any CPU
		{E98AC0C6-2E28-48F2-BA6E-51ABBE523377}.AppStore|x64.Build.0 = Release|Any CPU
		{E98AC0C6-2E28-48F2-BA6E-51ABBE523377}.AppStore|x64.Deploy.0 = Release|Any CPU
		{E98AC0C6-2E28-48F2-BA6E-51ABBE523377}.AppStore|x86.ActiveCfg = Release|Any CPU
		{E98AC0C6-2E28-48F2-BA6E-51ABBE523377}.AppStore|x86.Build.0 = Release|Any CPU
		{E98AC0C6-2E28-48F2-BA6E-51ABBE523377}.AppStore|x86.Deploy.0 = Release|Any CPU
		{E98AC0C6-2E28-48F2-BA6E-51ABBE523377}.Debug|Any CPU.ActiveCfg = Debug|Any CPU
		{E98AC0C6-2E28-48F2-BA6E-51ABBE523377}.Debug|Any CPU.Build.0 = Debug|Any CPU
		{E98AC0C6-2E28-48F2-BA6E-51ABBE523377}.Debug|Any CPU.Deploy.0 = Debug|Any CPU
		{E98AC0C6-2E28-48F2-BA6E-51ABBE523377}.Debug|ARM.ActiveCfg = Debug|Any CPU
		{E98AC0C6-2E28-48F2-BA6E-51ABBE523377}.Debug|ARM.Build.0 = Debug|Any CPU
		{E98AC0C6-2E28-48F2-BA6E-51ABBE523377}.Debug|ARM.Deploy.0 = Debug|Any CPU
		{E98AC0C6-2E28-48F2-BA6E-51ABBE523377}.Debug|iPhone.ActiveCfg = Debug|Any CPU
		{E98AC0C6-2E28-48F2-BA6E-51ABBE523377}.Debug|iPhone.Build.0 = Debug|Any CPU
		{E98AC0C6-2E28-48F2-BA6E-51ABBE523377}.Debug|iPhone.Deploy.0 = Debug|Any CPU
		{E98AC0C6-2E28-48F2-BA6E-51ABBE523377}.Debug|iPhoneSimulator.ActiveCfg = Debug|Any CPU
		{E98AC0C6-2E28-48F2-BA6E-51ABBE523377}.Debug|iPhoneSimulator.Build.0 = Debug|Any CPU
		{E98AC0C6-2E28-48F2-BA6E-51ABBE523377}.Debug|iPhoneSimulator.Deploy.0 = Debug|Any CPU
		{E98AC0C6-2E28-48F2-BA6E-51ABBE523377}.Debug|x64.ActiveCfg = Debug|Any CPU
		{E98AC0C6-2E28-48F2-BA6E-51ABBE523377}.Debug|x64.Build.0 = Debug|Any CPU
		{E98AC0C6-2E28-48F2-BA6E-51ABBE523377}.Debug|x64.Deploy.0 = Debug|Any CPU
		{E98AC0C6-2E28-48F2-BA6E-51ABBE523377}.Debug|x86.ActiveCfg = Debug|Any CPU
		{E98AC0C6-2E28-48F2-BA6E-51ABBE523377}.Debug|x86.Build.0 = Debug|Any CPU
		{E98AC0C6-2E28-48F2-BA6E-51ABBE523377}.Debug|x86.Deploy.0 = Debug|Any CPU
		{E98AC0C6-2E28-48F2-BA6E-51ABBE523377}.Release|Any CPU.ActiveCfg = Release|Any CPU
		{E98AC0C6-2E28-48F2-BA6E-51ABBE523377}.Release|Any CPU.Build.0 = Release|Any CPU
		{E98AC0C6-2E28-48F2-BA6E-51ABBE523377}.Release|Any CPU.Deploy.0 = Release|Any CPU
		{E98AC0C6-2E28-48F2-BA6E-51ABBE523377}.Release|ARM.ActiveCfg = Release|Any CPU
		{E98AC0C6-2E28-48F2-BA6E-51ABBE523377}.Release|ARM.Build.0 = Release|Any CPU
		{E98AC0C6-2E28-48F2-BA6E-51ABBE523377}.Release|ARM.Deploy.0 = Release|Any CPU
		{E98AC0C6-2E28-48F2-BA6E-51ABBE523377}.Release|iPhone.ActiveCfg = Release|Any CPU
		{E98AC0C6-2E28-48F2-BA6E-51ABBE523377}.Release|iPhone.Build.0 = Release|Any CPU
		{E98AC0C6-2E28-48F2-BA6E-51ABBE523377}.Release|iPhone.Deploy.0 = Release|Any CPU
		{E98AC0C6-2E28-48F2-BA6E-51ABBE523377}.Release|iPhoneSimulator.ActiveCfg = Release|Any CPU
		{E98AC0C6-2E28-48F2-BA6E-51ABBE523377}.Release|iPhoneSimulator.Build.0 = Release|Any CPU
		{E98AC0C6-2E28-48F2-BA6E-51ABBE523377}.Release|iPhoneSimulator.Deploy.0 = Release|Any CPU
		{E98AC0C6-2E28-48F2-BA6E-51ABBE523377}.Release|x64.ActiveCfg = Release|Any CPU
		{E98AC0C6-2E28-48F2-BA6E-51ABBE523377}.Release|x64.Build.0 = Release|Any CPU
		{E98AC0C6-2E28-48F2-BA6E-51ABBE523377}.Release|x64.Deploy.0 = Release|Any CPU
		{E98AC0C6-2E28-48F2-BA6E-51ABBE523377}.Release|x86.ActiveCfg = Release|Any CPU
		{E98AC0C6-2E28-48F2-BA6E-51ABBE523377}.Release|x86.Build.0 = Release|Any CPU
		{E98AC0C6-2E28-48F2-BA6E-51ABBE523377}.Release|x86.Deploy.0 = Release|Any CPU
	EndGlobalSection
	GlobalSection(SolutionProperties) = preSolution
		HideSolutionNode = FALSE
	EndGlobalSection
	GlobalSection(ExtensibilityGlobals) = postSolution
		SolutionGuid = {E46A9476-C205-4331-BA25-06B619D038B5}
	EndGlobalSection
EndGlobal
